
Microsoft Visual Studio Solution File, Format Version 12.00
# Visual Studio 2012
Project("{FAE04EC0-301F-11D3-BF4B-00C04F79EFBC}") = "Hack", "Hack\Hack.csproj", "{BBC76D10-69F9-4ABA-8B83-79635949976E}"
EndProject
Project("{8BC9CEB8-8B4A-11D0-8D11-00A0C91BC942}") = "Host", "Host\Host.vcxproj", "{F740D3BD-796D-4256-BAE0-7D6D73C3D778}"
EndProject
Project("{FAE04EC0-301F-11D3-BF4B-00C04F79EFBC}") = "Launcher", "Launcher\Launcher.csproj", "{2F4EF97D-E899-41B7-80ED-1D785D44ED8B}"
EndProject
Global
	GlobalSection(SolutionConfigurationPlatforms) = preSolution
		Debug|Win32 = Debug|Win32
		Release|Win32 = Release|Win32
	EndGlobalSection
	GlobalSection(ProjectConfigurationPlatforms) = postSolution
		{BBC76D10-69F9-4ABA-8B83-79635949976E}.Debug|Win32.ActiveCfg = Debug|Win32
		{BBC76D10-69F9-4ABA-8B83-79635949976E}.Debug|Win32.Build.0 = Debug|Win32
		{BBC76D10-69F9-4ABA-8B83-79635949976E}.Release|Win32.ActiveCfg = Release|Win32
		{BBC76D10-69F9-4ABA-8B83-79635949976E}.Release|Win32.Build.0 = Release|Win32
		{F740D3BD-796D-4256-BAE0-7D6D73C3D778}.Debug|Win32.ActiveCfg = Debug|Win32
		{F740D3BD-796D-4256-BAE0-7D6D73C3D778}.Debug|Win32.Build.0 = Debug|Win32
		{F740D3BD-796D-4256-BAE0-7D6D73C3D778}.Release|Win32.ActiveCfg = Release|Win32
		{F740D3BD-796D-4256-BAE0-7D6D73C3D778}.Release|Win32.Build.0 = Release|Win32
		{2F4EF97D-E899-41B7-80ED-1D785D44ED8B}.Debug|Win32.ActiveCfg = Debug|Win32
		{2F4EF97D-E899-41B7-80ED-1D785D44ED8B}.Debug|Win32.Build.0 = Debug|Win32
		{2F4EF97D-E899-41B7-80ED-1D785D44ED8B}.Release|Win32.ActiveCfg = Release|Win32
		{2F4EF97D-E899-41B7-80ED-1D785D44ED8B}.Release|Win32.Build.0 = Release|Win32
	EndGlobalSection
	GlobalSection(SolutionProperties) = preSolution
		HideSolutionNode = FALSE
	EndGlobalSection
EndGlobal
